
Microsoft Visual Studio Solution File, Format Version 12.00
# Visual Studio Version 17
VisualStudioVersion = 17.0.31903.59
MinimumVisualStudioVersion = 10.0.40219.1
Project("{2150E333-8FDC-42A3-9474-1A3956D46DE8}") = "src", "src", "{827E0CD3-B72D-47B6-A68D-7590B98EB39B}"
EndProject
Project("{2150E333-8FDC-42A3-9474-1A3956D46DE8}") = "Frontend", "Frontend", "{42299874-777B-F2D0-9D08-D24097ABCE7E}"
EndProject
Project("{2150E333-8FDC-42A3-9474-1A3956D46DE8}") = "Server", "Server", "{96C124A2-1BCD-F50F-13D1-FA7D1BB67D49}"
EndProject
Project("{FAE04EC0-301F-11D3-BF4B-00C04F79EFBC}") = "Gateway", "src\Gateway\Gateway.csproj", "{737B55FC-CD50-498C-893C-09D4685504BF}"
EndProject
Project("{2150E333-8FDC-42A3-9474-1A3956D46DE8}") = "Services", "Services", "{984BB9B3-3FA3-BE33-9484-CAC21695A33C}"
EndProject
Project("{2150E333-8FDC-42A3-9474-1A3956D46DE8}") = "Users", "Users", "{E19C77F4-0114-A26A-3F6E-A6CDC9D84385}"
EndProject
Project("{FAE04EC0-301F-11D3-BF4B-00C04F79EFBC}") = "UsersService", "src\Services\Users\UsersService.csproj", "{7D0A8784-C795-4B0E-AAB3-DBF14D3734D5}"
EndProject
Project("{2150E333-8FDC-42A3-9474-1A3956D46DE8}") = "Mods", "Mods", "{D1BECAE9-80E8-5DB7-7C71-0816FE9F8B4D}"
EndProject
Project("{FAE04EC0-301F-11D3-BF4B-00C04F79EFBC}") = "ModsService", "src\Services\Mods\ModsService.csproj", "{DDBE307E-4E93-40BF-B324-6B343D8CEA09}"
EndProject
Project("{2150E333-8FDC-42A3-9474-1A3956D46DE8}") = "Payments", "Payments", "{5D0AC027-C8EE-3244-A029-36278C99F1B8}"
EndProject
Project("{FAE04EC0-301F-11D3-BF4B-00C04F79EFBC}") = "PaymentsService", "src\Services\Payments\PaymentsService.csproj", "{8EFA8087-F6A9-4694-A68A-F5D85359F1DA}"
EndProject
Project("{2150E333-8FDC-42A3-9474-1A3956D46DE8}") = "Community", "Community", "{0B029BC5-D7D3-F9F2-CC0A-E2B61D9B7287}"
EndProject
Project("{FAE04EC0-301F-11D3-BF4B-00C04F79EFBC}") = "CommunityService", "src\Services\Community\CommunityService.csproj", "{EA7C1FD0-88A0-4E50-A9E9-2C189DA85231}"
EndProject
Project("{FAE04EC0-301F-11D3-BF4B-00C04F79EFBC}") = "Shared", "src\Shared\Shared.csproj", "{F492B7D2-AD87-4BA6-B7D4-DE8F601D8C1F}"
EndProject
Project("{FAE04EC0-301F-11D3-BF4B-00C04F79EFBC}") = "Frontend", "src\Frontend\Frontend.csproj", "{4FF2BB3B-DC6E-49CD-9823-E8AFE802AC0B}"
EndProject
Global
	GlobalSection(SolutionConfigurationPlatforms) = preSolution
		Debug|Any CPU = Debug|Any CPU
		Debug|x64 = Debug|x64
		Debug|x86 = Debug|x86
		Release|Any CPU = Release|Any CPU
		Release|x64 = Release|x64
		Release|x86 = Release|x86
	EndGlobalSection
	GlobalSection(ProjectConfigurationPlatforms) = postSolution
		{737B55FC-CD50-498C-893C-09D4685504BF}.Debug|Any CPU.ActiveCfg = Debug|Any CPU
		{737B55FC-CD50-498C-893C-09D4685504BF}.Debug|Any CPU.Build.0 = Debug|Any CPU
		{737B55FC-CD50-498C-893C-09D4685504BF}.Debug|x64.ActiveCfg = Debug|Any CPU
		{737B55FC-CD50-498C-893C-09D4685504BF}.Debug|x64.Build.0 = Debug|Any CPU
		{737B55FC-CD50-498C-893C-09D4685504BF}.Debug|x86.ActiveCfg = Debug|Any CPU
		{737B55FC-CD50-498C-893C-09D4685504BF}.Debug|x86.Build.0 = Debug|Any CPU
		{737B55FC-CD50-498C-893C-09D4685504BF}.Release|Any CPU.ActiveCfg = Release|Any CPU
		{737B55FC-CD50-498C-893C-09D4685504BF}.Release|Any CPU.Build.0 = Release|Any CPU
		{737B55FC-CD50-498C-893C-09D4685504BF}.Release|x64.ActiveCfg = Release|Any CPU
		{737B55FC-CD50-498C-893C-09D4685504BF}.Release|x64.Build.0 = Release|Any CPU
		{737B55FC-CD50-498C-893C-09D4685504BF}.Release|x86.ActiveCfg = Release|Any CPU
		{737B55FC-CD50-498C-893C-09D4685504BF}.Release|x86.Build.0 = Release|Any CPU
		{7D0A8784-C795-4B0E-AAB3-DBF14D3734D5}.Debug|Any CPU.ActiveCfg = Debug|Any CPU
		{7D0A8784-C795-4B0E-AAB3-DBF14D3734D5}.Debug|Any CPU.Build.0 = Debug|Any CPU
		{7D0A8784-C795-4B0E-AAB3-DBF14D3734D5}.Debug|x64.ActiveCfg = Debug|Any CPU
		{7D0A8784-C795-4B0E-AAB3-DBF14D3734D5}.Debug|x64.Build.0 = Debug|Any CPU
		{7D0A8784-C795-4B0E-AAB3-DBF14D3734D5}.Debug|x86.ActiveCfg = Debug|Any CPU
		{7D0A8784-C795-4B0E-AAB3-DBF14D3734D5}.Debug|x86.Build.0 = Debug|Any CPU
		{7D0A8784-C795-4B0E-AAB3-DBF14D3734D5}.Release|Any CPU.ActiveCfg = Release|Any CPU
		{7D0A8784-C795-4B0E-AAB3-DBF14D3734D5}.Release|Any CPU.Build.0 = Release|Any CPU
		{7D0A8784-C795-4B0E-AAB3-DBF14D3734D5}.Release|x64.ActiveCfg = Release|Any CPU
		{7D0A8784-C795-4B0E-AAB3-DBF14D3734D5}.Release|x64.Build.0 = Release|Any CPU
		{7D0A8784-C795-4B0E-AAB3-DBF14D3734D5}.Release|x86.ActiveCfg = Release|Any CPU
		{7D0A8784-C795-4B0E-AAB3-DBF14D3734D5}.Release|x86.Build.0 = Release|Any CPU
		{DDBE307E-4E93-40BF-B324-6B343D8CEA09}.Debug|Any CPU.ActiveCfg = Debug|Any CPU
		{DDBE307E-4E93-40BF-B324-6B343D8CEA09}.Debug|Any CPU.Build.0 = Debug|Any CPU
		{DDBE307E-4E93-40BF-B324-6B343D8CEA09}.Debug|x64.ActiveCfg = Debug|Any CPU
		{DDBE307E-4E93-40BF-B324-6B343D8CEA09}.Debug|x64.Build.0 = Debug|Any CPU
		{DDBE307E-4E93-40BF-B324-6B343D8CEA09}.Debug|x86.ActiveCfg = Debug|Any CPU
		{DDBE307E-4E93-40BF-B324-6B343D8CEA09}.Debug|x86.Build.0 = Debug|Any CPU
		{DDBE307E-4E93-40BF-B324-6B343D8CEA09}.Release|Any CPU.ActiveCfg = Release|Any CPU
		{DDBE307E-4E93-40BF-B324-6B343D8CEA09}.Release|Any CPU.Build.0 = Release|Any CPU
		{DDBE307E-4E93-40BF-B324-6B343D8CEA09}.Release|x64.ActiveCfg = Release|Any CPU
		{DDBE307E-4E93-40BF-B324-6B343D8CEA09}.Release|x64.Build.0 = Release|Any CPU
		{DDBE307E-4E93-40BF-B324-6B343D8CEA09}.Release|x86.ActiveCfg = Release|Any CPU
		{DDBE307E-4E93-40BF-B324-6B343D8CEA09}.Release|x86.Build.0 = Release|Any CPU
		{8EFA8087-F6A9-4694-A68A-F5D85359F1DA}.Debug|Any CPU.ActiveCfg = Debug|Any CPU
		{8EFA8087-F6A9-4694-A68A-F5D85359F1DA}.Debug|Any CPU.Build.0 = Debug|Any CPU
		{8EFA8087-F6A9-4694-A68A-F5D85359F1DA}.Debug|x64.ActiveCfg = Debug|Any CPU
		{8EFA8087-F6A9-4694-A68A-F5D85359F1DA}.Debug|x64.Build.0 = Debug|Any CPU
		{8EFA8087-F6A9-4694-A68A-F5D85359F1DA}.Debug|x86.ActiveCfg = Debug|Any CPU
		{8EFA8087-F6A9-4694-A68A-F5D85359F1DA}.Debug|x86.Build.0 = Debug|Any CPU
		{8EFA8087-F6A9-4694-A68A-F5D85359F1DA}.Release|Any CPU.ActiveCfg = Release|Any CPU
		{8EFA8087-F6A9-4694-A68A-F5D85359F1DA}.Release|Any CPU.Build.0 = Release|Any CPU
		{8EFA8087-F6A9-4694-A68A-F5D85359F1DA}.Release|x64.ActiveCfg = Release|Any CPU
		{8EFA8087-F6A9-4694-A68A-F5D85359F1DA}.Release|x64.Build.0 = Release|Any CPU
		{8EFA8087-F6A9-4694-A68A-F5D85359F1DA}.Release|x86.ActiveCfg = Release|Any CPU
		{8EFA8087-F6A9-4694-A68A-F5D85359F1DA}.Release|x86.Build.0 = Release|Any CPU
		{EA7C1FD0-88A0-4E50-A9E9-2C189DA85231}.Debug|Any CPU.ActiveCfg = Debug|Any CPU
		{EA7C1FD0-88A0-4E50-A9E9-2C189DA85231}.Debug|Any CPU.Build.0 = Debug|Any CPU
		{EA7C1FD0-88A0-4E50-A9E9-2C189DA85231}.Debug|x64.ActiveCfg = Debug|Any CPU
		{EA7C1FD0-88A0-4E50-A9E9-2C189DA85231}.Debug|x64.Build.0 = Debug|Any CPU
		{EA7C1FD0-88A0-4E50-A9E9-2C189DA85231}.Debug|x86.ActiveCfg = Debug|Any CPU
		{EA7C1FD0-88A0-4E50-A9E9-2C189DA85231}.Debug|x86.Build.0 = Debug|Any CPU
		{EA7C1FD0-88A0-4E50-A9E9-2C189DA85231}.Release|Any CPU.ActiveCfg = Release|Any CPU
		{EA7C1FD0-88A0-4E50-A9E9-2C189DA85231}.Release|Any CPU.Build.0 = Release|Any CPU
		{EA7C1FD0-88A0-4E50-A9E9-2C189DA85231}.Release|x64.ActiveCfg = Release|Any CPU
		{EA7C1FD0-88A0-4E50-A9E9-2C189DA85231}.Release|x64.Build.0 = Release|Any CPU
		{EA7C1FD0-88A0-4E50-A9E9-2C189DA85231}.Release|x86.ActiveCfg = Release|Any CPU
		{EA7C1FD0-88A0-4E50-A9E9-2C189DA85231}.Release|x86.Build.0 = Release|Any CPU
		{F492B7D2-AD87-4BA6-B7D4-DE8F601D8C1F}.Debug|Any CPU.ActiveCfg = Debug|Any CPU
		{F492B7D2-AD87-4BA6-B7D4-DE8F601D8C1F}.Debug|Any CPU.Build.0 = Debug|Any CPU
		{F492B7D2-AD87-4BA6-B7D4-DE8F601D8C1F}.Debug|x64.ActiveCfg = Debug|Any CPU
		{F492B7D2-AD87-4BA6-B7D4-DE8F601D8C1F}.Debug|x64.Build.0 = Debug|Any CPU
		{F492B7D2-AD87-4BA6-B7D4-DE8F601D8C1F}.Debug|x86.ActiveCfg = Debug|Any CPU
		{F492B7D2-AD87-4BA6-B7D4-DE8F601D8C1F}.Debug|x86.Build.0 = Debug|Any CPU
		{F492B7D2-AD87-4BA6-B7D4-DE8F601D8C1F}.Release|Any CPU.ActiveCfg = Release|Any CPU
		{F492B7D2-AD87-4BA6-B7D4-DE8F601D8C1F}.Release|Any CPU.Build.0 = Release|Any CPU
		{F492B7D2-AD87-4BA6-B7D4-DE8F601D8C1F}.Release|x64.ActiveCfg = Release|Any CPU
		{F492B7D2-AD87-4BA6-B7D4-DE8F601D8C1F}.Release|x64.Build.0 = Release|Any CPU
		{F492B7D2-AD87-4BA6-B7D4-DE8F601D8C1F}.Release|x86.ActiveCfg = Release|Any CPU
		{F492B7D2-AD87-4BA6-B7D4-DE8F601D8C1F}.Release|x86.Build.0 = Release|Any CPU
		{4FF2BB3B-DC6E-49CD-9823-E8AFE802AC0B}.Debug|Any CPU.ActiveCfg = Debug|Any CPU
		{4FF2BB3B-DC6E-49CD-9823-E8AFE802AC0B}.Debug|Any CPU.Build.0 = Debug|Any CPU
		{4FF2BB3B-DC6E-49CD-9823-E8AFE802AC0B}.Debug|x64.ActiveCfg = Debug|Any CPU
		{4FF2BB3B-DC6E-49CD-9823-E8AFE802AC0B}.Debug|x64.Build.0 = Debug|Any CPU
		{4FF2BB3B-DC6E-49CD-9823-E8AFE802AC0B}.Debug|x86.ActiveCfg = Debug|Any CPU
		{4FF2BB3B-DC6E-49CD-9823-E8AFE802AC0B}.Debug|x86.Build.0 = Debug|Any CPU
		{4FF2BB3B-DC6E-49CD-9823-E8AFE802AC0B}.Release|Any CPU.ActiveCfg = Release|Any CPU
		{4FF2BB3B-DC6E-49CD-9823-E8AFE802AC0B}.Release|Any CPU.Build.0 = Release|Any CPU
		{4FF2BB3B-DC6E-49CD-9823-E8AFE802AC0B}.Release|x64.ActiveCfg = Release|Any CPU
		{4FF2BB3B-DC6E-49CD-9823-E8AFE802AC0B}.Release|x64.Build.0 = Release|Any CPU
		{4FF2BB3B-DC6E-49CD-9823-E8AFE802AC0B}.Release|x86.ActiveCfg = Release|Any CPU
		{4FF2BB3B-DC6E-49CD-9823-E8AFE802AC0B}.Release|x86.Build.0 = Release|Any CPU
	EndGlobalSection
	GlobalSection(SolutionProperties) = preSolution
		HideSolutionNode = FALSE
	EndGlobalSection
	GlobalSection(NestedProjects) = preSolution
		{42299874-777B-F2D0-9D08-D24097ABCE7E} = {827E0CD3-B72D-47B6-A68D-7590B98EB39B}
		{96C124A2-1BCD-F50F-13D1-FA7D1BB67D49} = {42299874-777B-F2D0-9D08-D24097ABCE7E}
		{737B55FC-CD50-498C-893C-09D4685504BF} = {827E0CD3-B72D-47B6-A68D-7590B98EB39B}
		{984BB9B3-3FA3-BE33-9484-CAC21695A33C} = {827E0CD3-B72D-47B6-A68D-7590B98EB39B}
		{E19C77F4-0114-A26A-3F6E-A6CDC9D84385} = {984BB9B3-3FA3-BE33-9484-CAC21695A33C}
		{7D0A8784-C795-4B0E-AAB3-DBF14D3734D5} = {E19C77F4-0114-A26A-3F6E-A6CDC9D84385}
		{D1BECAE9-80E8-5DB7-7C71-0816FE9F8B4D} = {984BB9B3-3FA3-BE33-9484-CAC21695A33C}
		{DDBE307E-4E93-40BF-B324-6B343D8CEA09} = {D1BECAE9-80E8-5DB7-7C71-0816FE9F8B4D}
		{5D0AC027-C8EE-3244-A029-36278C99F1B8} = {984BB9B3-3FA3-BE33-9484-CAC21695A33C}
		{8EFA8087-F6A9-4694-A68A-F5D85359F1DA} = {5D0AC027-C8EE-3244-A029-36278C99F1B8}
		{0B029BC5-D7D3-F9F2-CC0A-E2B61D9B7287} = {984BB9B3-3FA3-BE33-9484-CAC21695A33C}
		{EA7C1FD0-88A0-4E50-A9E9-2C189DA85231} = {0B029BC5-D7D3-F9F2-CC0A-E2B61D9B7287}
		{F492B7D2-AD87-4BA6-B7D4-DE8F601D8C1F} = {827E0CD3-B72D-47B6-A68D-7590B98EB39B}
		{4FF2BB3B-DC6E-49CD-9823-E8AFE802AC0B} = {827E0CD3-B72D-47B6-A68D-7590B98EB39B}
	EndGlobalSection
EndGlobal
